
Microsoft Visual Studio Solution File, Format Version 12.00
# Visual Studio Version 17
VisualStudioVersion = 17.5.33424.131
MinimumVisualStudioVersion = 10.0.40219.1
Project("{FAE04EC0-301F-11D3-BF4B-00C04F79EFBC}") = "ClubeDaLeitura", "ClubeDaLeitura.csproj", "{F6323103-B68D-467D-AC44-1F4DE57FEA28}"
EndProject
Global
	GlobalSection(SolutionConfigurationPlatforms) = preSolution
		Debug|Any CPU = Debug|Any CPU
		Release|Any CPU = Release|Any CPU
	EndGlobalSection
	GlobalSection(ProjectConfigurationPlatforms) = postSolution
		{F6323103-B68D-467D-AC44-1F4DE57FEA28}.Debug|Any CPU.ActiveCfg = Debug|Any CPU
		{F6323103-B68D-467D-AC44-1F4DE57FEA28}.Debug|Any CPU.Build.0 = Debug|Any CPU
		{F6323103-B68D-467D-AC44-1F4DE57FEA28}.Release|Any CPU.ActiveCfg = Release|Any CPU
		{F6323103-B68D-467D-AC44-1F4DE57FEA28}.Release|Any CPU.Build.0 = Release|Any CPU
	EndGlobalSection
	GlobalSection(SolutionProperties) = preSolution
		HideSolutionNode = FALSE
	EndGlobalSection
	GlobalSection(ExtensibilityGlobals) = postSolution
		SolutionGuid = {9E278B6F-B4DC-411F-A061-5FF488DB6660}
	EndGlobalSection
EndGlobal
